
Microsoft Visual Studio Solution File, Format Version 12.00
# Visual Studio 15
VisualStudioVersion = 15.0.28307.136
MinimumVisualStudioVersion = 10.0.40219.1
Project("{FAE04EC0-301F-11D3-BF4B-00C04F79EFBC}") = "Code First Approach", "Code First Approach\Code First Approach.csproj", "{BE3EDC47-8D64-4579-8FAA-8D1B7043167B}"
EndProject
Global
	GlobalSection(SolutionConfigurationPlatforms) = preSolution
		Debug|Any CPU = Debug|Any CPU
		Release|Any CPU = Release|Any CPU
	EndGlobalSection
	GlobalSection(ProjectConfigurationPlatforms) = postSolution
		{BE3EDC47-8D64-4579-8FAA-8D1B7043167B}.Debug|Any CPU.ActiveCfg = Debug|Any CPU
		{BE3EDC47-8D64-4579-8FAA-8D1B7043167B}.Debug|Any CPU.Build.0 = Debug|Any CPU
		{BE3EDC47-8D64-4579-8FAA-8D1B7043167B}.Release|Any CPU.ActiveCfg = Release|Any CPU
		{BE3EDC47-8D64-4579-8FAA-8D1B7043167B}.Release|Any CPU.Build.0 = Release|Any CPU
	EndGlobalSection
	GlobalSection(SolutionProperties) = preSolution
		HideSolutionNode = FALSE
	EndGlobalSection
	GlobalSection(ExtensibilityGlobals) = postSolution
		SolutionGuid = {43B497E6-529A-4383-924D-78BE3787FD3F}
	EndGlobalSection
EndGlobal
